Microsoft Visual Studio Solution File, Format Version 12.00
# Visual Studio Version 17
VisualStudioVersion = 17.5.2.0
MinimumVisualStudioVersion = 10.0.40219.1
Project("{FAE04EC0-301F-11D3-BF4B-00C04F79EFBC}") = "HostLocal.API", "HostLocal.API\HostLocal.API.csproj", "{0D22FDED-B2BB-9009-04BD-63E3654B7131}"
EndProject
Global
	GlobalSection(SolutionConfigurationPlatforms) = preSolution
		Debug|Any CPU = Debug|Any CPU
		Release|Any CPU = Release|Any CPU
	EndGlobalSection
	GlobalSection(ProjectConfigurationPlatforms) = postSolution
		{0D22FDED-B2BB-9009-04BD-63E3654B7131}.Debug|Any CPU.ActiveCfg = Debug|Any CPU
		{0D22FDED-B2BB-9009-04BD-63E3654B7131}.Debug|Any CPU.Build.0 = Debug|Any CPU
		{0D22FDED-B2BB-9009-04BD-63E3654B7131}.Release|Any CPU.ActiveCfg = Release|Any CPU
		{0D22FDED-B2BB-9009-04BD-63E3654B7131}.Release|Any CPU.Build.0 = Release|Any CPU
	EndGlobalSection
	GlobalSection(SolutionProperties) = preSolution
		HideSolutionNode = FALSE
	EndGlobalSection
	GlobalSection(ExtensibilityGlobals) = postSolution
		SolutionGuid = {EC252699-8D76-4D02-9A3E-AB2FBB85EFC2}
	EndGlobalSection
EndGlobal
